// !$*UTF8*$!
{
	archiveVersion = 1;
	classes = {
	};
	objectVersion = 51;
	objects = {

/* Begin PBXBuildFile section */
		7430234526370D7D0023548A /* KeyboardExtension.swift in Sources */ = {isa = PBXBuildFile; fileRef = 7430234426370D7D0023548A /* KeyboardExtension.swift */; };
		74483A50263030BA00950B4A /* AppDelegate.swift in Sources */ = {isa = PBXBuildFile; fileRef = 74483A4F263030BA00950B4A /* AppDelegate.swift */; };
		74483A52263030BA00950B4A /* SceneDelegate.swift in Sources */ = {isa = PBXBuildFile; fileRef = 74483A51263030BA00950B4A /* SceneDelegate.swift */; };
		74483A54263030BA00950B4A /* StartViewController.swift in Sources */ = {isa = PBXBuildFile; fileRef = 74483A53263030BA00950B4A /* StartViewController.swift */; };
		74483A57263030BA00950B4A /* Main.storyboard in Resources */ = {isa = PBXBuildFile; fileRef = 74483A55263030BA00950B4A /* Main.storyboard */; };
		74483A59263030BB00950B4A /* Assets.xcassets in Resources */ = {isa = PBXBuildFile; fileRef = 74483A58263030BB00950B4A /* Assets.xcassets */; };
		74483A5C263030BB00950B4A /* LaunchScreen.storyboard in Resources */ = {isa = PBXBuildFile; fileRef = 74483A5A263030BB00950B4A /* LaunchScreen.storyboard */; };
		74483A6C2630A8D800950B4A /* ChatsTableViewController.swift in Sources */ = {isa = PBXBuildFile; fileRef = 74483A6B2630A8D800950B4A /* ChatsTableViewController.swift */; };
		74483A74263161F900950B4A /* ChatsTableViewCell.swift in Sources */ = {isa = PBXBuildFile; fileRef = 74483A73263161F900950B4A /* ChatsTableViewCell.swift */; };
		74483A782631620E00950B4A /* SenderMessageCell.swift in Sources */ = {isa = PBXBuildFile; fileRef = 74483A772631620E00950B4A /* SenderMessageCell.swift */; };
		746B8DC22632EA2900B679CC /* ChatModel.swift in Sources */ = {isa = PBXBuildFile; fileRef = 746B8DC12632EA2900B679CC /* ChatModel.swift */; };
		746B8DD12633090D00B679CC /* CustomizingNavigationBar.swift in Sources */ = {isa = PBXBuildFile; fileRef = 746B8DD02633090D00B679CC /* CustomizingNavigationBar.swift */; };
		746B8DD526330EC400B679CC /* MessagesModel.swift in Sources */ = {isa = PBXBuildFile; fileRef = 746B8DD426330EC400B679CC /* MessagesModel.swift */; };
		746B8DD8263318E300B679CC /* StorageManager.swift in Sources */ = {isa = PBXBuildFile; fileRef = 746B8DD7263318E300B679CC /* StorageManager.swift */; };
		746B8E02263413F800B679CC /* MessagesViewController.swift in Sources */ = {isa = PBXBuildFile; fileRef = 746B8E01263413F800B679CC /* MessagesViewController.swift */; };
		74AA06F52635C8080076FE33 /* RecipientMessageCell.swift in Sources */ = {isa = PBXBuildFile; fileRef = 74AA06F42635C8080076FE33 /* RecipientMessageCell.swift */; };
		F17F4AF208FFA9A43CD3E847 /* Pods_SwiftChat.framework in Frameworks */ = {isa = PBXBuildFile; fileRef = 8149EBD9766B95F12200152E /* Pods_SwiftChat.framework */; };
/* End PBXBuildFile section */

/* Begin PBXFileReference section */
		7430234426370D7D0023548A /* KeyboardExtension.swift */ = {isa = PBXFileReference; lastKnownFileType = sourcecode.swift; path = KeyboardExtension.swift; sourceTree = "<group>"; };
		74483A4C263030BA00950B4A /* SwiftChat.app */ = {isa = PBXFileReference; explicitFileType = wrapper.application; includeInIndex = 0; path = SwiftChat.app; sourceTree = BUILT_PRODUCTS_DIR; };
		74483A4F263030BA00950B4A /* AppDelegate.swift */ = {isa = PBXFileReference; lastKnownFileType = sourcecode.swift; path = AppDelegate.swift; sourceTree = "<group>"; };
		74483A51263030BA00950B4A /* SceneDelegate.swift */ = {isa = PBXFileReference; lastKnownFileType = sourcecode.swift; path = SceneDelegate.swift; sourceTree = "<group>"; };
		74483A53263030BA00950B4A /* StartViewController.swift */ = {isa = PBXFileReference; lastKnownFileType = sourcecode.swift; path = StartViewController.swift; sourceTree = "<group>"; };
		74483A56263030BA00950B4A /* Base */ = {isa = PBXFileReference; lastKnownFileType = file.storyboard; name = Base; path = Base.lproj/Main.storyboard; sourceTree = "<group>"; };
		74483A58263030BB00950B4A /* Assets.xcassets */ = {isa = PBXFileReference; lastKnownFileType = folder.assetcatalog; path = Assets.xcassets; sourceTree = "<group>"; };
		74483A5B263030BB00950B4A /* Base */ = {isa = PBXFileReference; lastKnownFileType = file.storyboard; name = Base; path = Base.lproj/LaunchScreen.storyboard; sourceTree = "<group>"; };
		74483A5D263030BB00950B4A /* Info.plist */ = {isa = PBXFileReference; lastKnownFileType = text.plist.xml; path = Info.plist; sourceTree = "<group>"; };
		74483A6B2630A8D800950B4A /* ChatsTableViewController.swift */ = {isa = PBXFileReference; lastKnownFileType = sourcecode.swift; path = ChatsTableViewController.swift; sourceTree = "<group>"; };
		74483A73263161F900950B4A /* ChatsTableViewCell.swift */ = {isa = PBXFileReference; lastKnownFileType = sourcecode.swift; path = ChatsTableViewCell.swift; sourceTree = "<group>"; };
		74483A772631620E00950B4A /* SenderMessageCell.swift */ = {isa = PBXFileReference; lastKnownFileType = sourcecode.swift; path = SenderMessageCell.swift; sourceTree = "<group>"; };
		746B8DC12632EA2900B679CC /* ChatModel.swift */ = {isa = PBXFileReference; lastKnownFileType = sourcecode.swift; path = ChatModel.swift; sourceTree = "<group>"; };
		746B8DD02633090D00B679CC /* CustomizingNavigationBar.swift */ = {isa = PBXFileReference; lastKnownFileType = sourcecode.swift; path = CustomizingNavigationBar.swift; sourceTree = "<group>"; };
		746B8DD426330EC400B679CC /* MessagesModel.swift */ = {isa = PBXFileReference; lastKnownFileType = sourcecode.swift; path = MessagesModel.swift; sourceTree = "<group>"; };
		746B8DD7263318E300B679CC /* StorageManager.swift */ = {isa = PBXFileReference; lastKnownFileType = sourcecode.swift; path = StorageManager.swift; sourceTree = "<group>"; };
		746B8E01263413F800B679CC /* MessagesViewController.swift */ = {isa = PBXFileReference; lastKnownFileType = sourcecode.swift; path = MessagesViewController.swift; sourceTree = "<group>"; };
		74AA06F42635C8080076FE33 /* RecipientMessageCell.swift */ = {isa = PBXFileReference; lastKnownFileType = sourcecode.swift; path = RecipientMessageCell.swift; sourceTree = "<group>"; };
		8149EBD9766B95F12200152E /* Pods_SwiftChat.framework */ = {isa = PBXFileReference; explicitFileType = wrapper.framework; includeInIndex = 0; path = Pods_SwiftChat.framework; sourceTree = BUILT_PRODUCTS_DIR; };
		A9CF4ABE36BA986AF8DFB1D7 /* Pods-SwiftChat.debug.xcconfig */ = {isa = PBXFileReference; includeInIndex = 1; lastKnownFileType = text.xcconfig; name = "Pods-SwiftChat.debug.xcconfig"; path = "Target Support Files/Pods-SwiftChat/Pods-SwiftChat.debug.xcconfig"; sourceTree = "<group>"; };
		F056A2D9AFC81C9236836A67 /* Pods-SwiftChat.release.xcconfig */ = {isa = PBXFileReference; includeInIndex = 1; lastKnownFileType = text.xcconfig; name = "Pods-SwiftChat.release.xcconfig"; path = "Target Support Files/Pods-SwiftChat/Pods-SwiftChat.release.xcconfig"; sourceTree = "<group>"; };
/* End PBXFileReference section */

/* Begin PBXFrameworksBuildPhase section */
		74483A49263030BA00950B4A /* Frameworks */ = {
			isa = PBXFrameworksBuildPhase;
			buildActionMask = 2147483647;
			files = (
				F17F4AF208FFA9A43CD3E847 /* Pods_SwiftChat.framework in Frameworks */,
			);
			runOnlyForDeploymentPostprocessing = 0;
		};
/* End PBXFrameworksBuildPhase section */

/* Begin PBXGroup section */
		74483A43263030BA00950B4A = {
			isa = PBXGroup;
			children = (
				74483A4E263030BA00950B4A /* SwiftChat */,
				74483A4D263030BA00950B4A /* Products */,
				FC7CB0BF3A0C4B6A74D13C3D /* Pods */,
				F6A7B78F9CA3B86C358E27E5 /* Frameworks */,
			);
			sourceTree = "<group>";
		};
		74483A4D263030BA00950B4A /* Products */ = {
			isa = PBXGroup;
			children = (
				74483A4C263030BA00950B4A /* SwiftChat.app */,
			);
			name = Products;
			sourceTree = "<group>";
		};
		74483A4E263030BA00950B4A /* SwiftChat */ = {
			isa = PBXGroup;
			children = (
				746B8DC02632EA0B00B679CC /* Controllers */,
				746B8DC52632EA3900B679CC /* Models */,
				746B8DBF2632E9E900B679CC /* Views */,
				746B8E002634136700B679CC /* Services */,
				746B8DBE2632E9CC00B679CC /* Storyboard */,
				746B8DBD2632E9B700B679CC /* Resources */,
				746B8DBC2632E94F00B679CC /* Supporting Files */,
			);
			path = SwiftChat;
			sourceTree = "<group>";
		};
		746B8DBC2632E94F00B679CC /* Supporting Files */ = {
			isa = PBXGroup;
			children = (
				74483A4F263030BA00950B4A /* AppDelegate.swift */,
				74483A51263030BA00950B4A /* SceneDelegate.swift */,
				74483A5D263030BB00950B4A /* Info.plist */,
			);
			path = "Supporting Files";
			sourceTree = "<group>";
		};
		746B8DBD2632E9B700B679CC /* Resources */ = {
			isa = PBXGroup;
			children = (
				74483A58263030BB00950B4A /* Assets.xcassets */,
			);
			path = Resources;
			sourceTree = "<group>";
		};
		746B8DBE2632E9CC00B679CC /* Storyboard */ = {
			isa = PBXGroup;
			children = (
				74483A55263030BA00950B4A /* Main.storyboard */,
				74483A5A263030BB00950B4A /* LaunchScreen.storyboard */,
			);
			path = Storyboard;
			sourceTree = "<group>";
		};
		746B8DBF2632E9E900B679CC /* Views */ = {
			isa = PBXGroup;
			children = (
				74483A73263161F900950B4A /* ChatsTableViewCell.swift */,
				74483A772631620E00950B4A /* SenderMessageCell.swift */,
				74AA06F42635C8080076FE33 /* RecipientMessageCell.swift */,
			);
			path = Views;
			sourceTree = "<group>";
		};
		746B8DC02632EA0B00B679CC /* Controllers */ = {
			isa = PBXGroup;
			children = (
				74483A53263030BA00950B4A /* StartViewController.swift */,
				74483A6B2630A8D800950B4A /* ChatsTableViewController.swift */,
				746B8E01263413F800B679CC /* MessagesViewController.swift */,
				746B8DCF263308C000B679CC /* Extensions */,
			);
			path = Controllers;
			sourceTree = "<group>";
		};
		746B8DC52632EA3900B679CC /* Models */ = {
			isa = PBXGroup;
			children = (
				746B8DC12632EA2900B679CC /* ChatModel.swift */,
				746B8DD426330EC400B679CC /* MessagesModel.swift */,
			);
			path = Models;
			sourceTree = "<group>";
		};
		746B8DCF263308C000B679CC /* Extensions */ = {
			isa = PBXGroup;
			children = (
				7430234426370D7D0023548A /* KeyboardExtension.swift */,
				746B8DD02633090D00B679CC /* CustomizingNavigationBar.swift */,
			);
			path = Extensions;
			sourceTree = "<group>";
		};
		746B8E002634136700B679CC /* Services */ = {
			isa = PBXGroup;
			children = (
				746B8DD7263318E300B679CC /* StorageManager.swift */,
			);
			path = Services;
			sourceTree = "<group>";
		};
		F6A7B78F9CA3B86C358E27E5 /* Frameworks */ = {
			isa = PBXGroup;
			children = (
				8149EBD9766B95F12200152E /* Pods_SwiftChat.framework */,
			);
			name = Frameworks;
			sourceTree = "<group>";
		};
		FC7CB0BF3A0C4B6A74D13C3D /* Pods */ = {
			isa = PBXGroup;
			children = (
				A9CF4ABE36BA986AF8DFB1D7 /* Pods-SwiftChat.debug.xcconfig */,
				F056A2D9AFC81C9236836A67 /* Pods-SwiftChat.release.xcconfig */,
			);
			path = Pods;
			sourceTree = "<group>";
		};
/* End PBXGroup section */

/* Begin PBXNativeTarget section */
		74483A4B263030BA00950B4A /* SwiftChat */ = {
			isa = PBXNativeTarget;
			buildConfigurationList = 74483A60263030BB00950B4A /* Build configuration list for PBXNativeTarget "SwiftChat" */;
			buildPhases = (
				FD1783E76B2DCCF48D28ECED /* [CP] Check Pods Manifest.lock */,
				74483A48263030BA00950B4A /* Sources */,
				74483A49263030BA00950B4A /* Frameworks */,
				74483A4A263030BA00950B4A /* Resources */,
				1E729FB49A3BAE5E536127EC /* [CP] Embed Pods Frameworks */,
			);
			buildRules = (
			);
			dependencies = (
			);
			name = SwiftChat;
			productName = SwiftChat;
			productReference = 74483A4C263030BA00950B4A /* SwiftChat.app */;
			productType = "com.apple.product-type.application";
		};
/* End PBXNativeTarget section */

/* Begin PBXProject section */
		74483A44263030BA00950B4A /* Project object */ = {
			isa = PBXProject;
			attributes = {
				LastSwiftUpdateCheck = 1240;
				LastUpgradeCheck = 1240;
				TargetAttributes = {
					74483A4B263030BA00950B4A = {
						CreatedOnToolsVersion = 12.4;
					};
				};
			};
			buildConfigurationList = 74483A47263030BA00950B4A /* Build configuration list for PBXProject "SwiftChat" */;
			compatibilityVersion = "Xcode 9.3";
			developmentRegion = en;
			hasScannedForEncodings = 0;
			knownRegions = (
				en,
				Base,
			);
			mainGroup = 74483A43263030BA00950B4A;
			productRefGroup = 74483A4D263030BA00950B4A /* Products */;
			projectDirPath = "";
			projectRoot = "";
			targets = (
				74483A4B263030BA00950B4A /* SwiftChat */,
			);
		};
/* End PBXProject section */

/* Begin PBXResourcesBuildPhase section */
		74483A4A263030BA00950B4A /* Resources */ = {
			isa = PBXResourcesBuildPhase;
			buildActionMask = 2147483647;
			files = (
				74483A5C263030BB00950B4A /* LaunchScreen.storyboard in Resources */,
				74483A59263030BB00950B4A /* Assets.xcassets in Resources */,
				74483A57263030BA00950B4A /* Main.storyboard in Resources */,
			);
			runOnlyForDeploymentPostprocessing = 0;
		};
/* End PBXResourcesBuildPhase section */

/* Begin PBXShellScriptBuildPhase section */
		1E729FB49A3BAE5E536127EC /* [CP] Embed Pods Frameworks */ = {
			isa = PBXShellScriptBuildPhase;
			buildActionMask = 2147483647;
			files = (
			);
			inputFileListPaths = (
				"${PODS_ROOT}/Target Support Files/Pods-SwiftChat/Pods-SwiftChat-frameworks-${CONFIGURATION}-input-files.xcfilelist",
			);
			name = "[CP] Embed Pods Frameworks";
			outputFileListPaths = (
				"${PODS_ROOT}/Target Support Files/Pods-SwiftChat/Pods-SwiftChat-frameworks-${CONFIGURATION}-output-files.xcfilelist",
			);
			runOnlyForDeploymentPostprocessing = 0;
			shellPath = /bin/sh;
			shellScript = "\"${PODS_ROOT}/Target Support Files/Pods-SwiftChat/Pods-SwiftChat-frameworks.sh\"\n";
			showEnvVarsInLog = 0;
		};
		FD1783E76B2DCCF48D28ECED /* [CP] Check Pods Manifest.lock */ = {
			isa = PBXShellScriptBuildPhase;
			buildActionMask = 2147483647;
			files = (
			);
			inputFileListPaths = (
			);
			inputPaths = (
				"${PODS_PODFILE_DIR_PATH}/Podfile.lock",
				"${PODS_ROOT}/Manifest.lock",
			);
			name = "[CP] Check Pods Manifest.lock";
			outputFileListPaths = (
			);
			outputPaths = (
				"$(DERIVED_FILE_DIR)/Pods-SwiftChat-checkManifestLockResult.txt",
			);
			runOnlyForDeploymentPostprocessing = 0;
			shellPath = /bin/sh;
			shellScript = "diff \"${PODS_PODFILE_DIR_PATH}/Podfile.lock\" \"${PODS_ROOT}/Manifest.lock\" > /dev/null\nif [ $? != 0 ] ; then\n    # print error to STDERR\n    echo \"error: The sandbox is not in sync with the Podfile.lock. Run 'pod install' or update your CocoaPods installation.\" >&2\n    exit 1\nfi\n# This output is used by Xcode 'outputs' to avoid re-running this script phase.\necho \"SUCCESS\" > \"${SCRIPT_OUTPUT_FILE_0}\"\n";
			showEnvVarsInLog = 0;
		};
/* End PBXShellScriptBuildPhase section */

/* Begin PBXSourcesBuildPhase section */
		74483A48263030BA00950B4A /* Sources */ = {
			isa = PBXSourcesBuildPhase;
			buildActionMask = 2147483647;
			files = (
				746B8DD526330EC400B679CC /* MessagesModel.swift in Sources */,
				746B8DD8263318E300B679CC /* StorageManager.swift in Sources */,
				74483A74263161F900950B4A /* ChatsTableViewCell.swift in Sources */,
				74483A782631620E00950B4A /* SenderMessageCell.swift in Sources */,
				746B8DC22632EA2900B679CC /* ChatModel.swift in Sources */,
				746B8E02263413F800B679CC /* MessagesViewController.swift in Sources */,
				74483A54263030BA00950B4A /* StartViewController.swift in Sources */,
				74483A50263030BA00950B4A /* AppDelegate.swift in Sources */,
				7430234526370D7D0023548A /* KeyboardExtension.swift in Sources */,
				74483A6C2630A8D800950B4A /* ChatsTableViewController.swift in Sources */,
				74AA06F52635C8080076FE33 /* RecipientMessageCell.swift in Sources */,
				746B8DD12633090D00B679CC /* CustomizingNavigationBar.swift in Sources */,
				74483A52263030BA00950B4A /* SceneDelegate.swift in Sources */,
			);
			runOnlyForDeploymentPostprocessing = 0;
		};
/* End PBXSourcesBuildPhase section */

/* Begin PBXVariantGroup section */
		74483A55263030BA00950B4A /* Main.storyboard */ = {
			isa = PBXVariantGroup;
			children = (
				74483A56263030BA00950B4A /* Base */,
			);
			name = Main.storyboard;
			sourceTree = "<group>";
		};
		74483A5A263030BB00950B4A /* LaunchScreen.storyboard */ = {
			isa = PBXVariantGroup;
			children = (
				74483A5B263030BB00950B4A /* Base */,
			);
			name = LaunchScreen.storyboard;
			sourceTree = "<group>";
		};
/* End PBXVariantGroup section */

/* Begin XCBuildConfiguration section */
		74483A5E263030BB00950B4A /* Debug */ = {
			isa = XCBuildConfiguration;
			buildSettings = {
				ALWAYS_SEARCH_USER_PATHS = NO;
				CLANG_ANALYZER_NONNULL = YES;
				CLANG_ANALYZER_NUMBER_OBJECT_CONVERSION = YES_AGGRESSIVE;
				CLANG_CXX_LANGUAGE_STANDARD = "gnu++14";
				CLANG_CXX_LIBRARY = "libc++";
				CLANG_ENABLE_MODULES = YES;
				CLANG_ENABLE_OBJC_ARC = YES;
				CLANG_ENABLE_OBJC_WEAK = YES;
				CLANG_WARN_BLOCK_CAPTURE_AUTORELEASING = YES;
				CLANG_WARN_BOOL_CONVERSION = YES;
				CLANG_WARN_COMMA = YES;
				CLANG_WARN_CONSTANT_CONVERSION = YES;
				CLANG_WARN_DEPRECATED_OBJC_IMPLEMENTATIONS = YES;
				CLANG_WARN_DIRECT_OBJC_ISA_USAGE = YES_ERROR;
				CLANG_WARN_DOCUMENTATION_COMMENTS = YES;
				CLANG_WARN_EMPTY_BODY = YES;
				CLANG_WARN_ENUM_CONVERSION = YES;
				CLANG_WARN_INFINITE_RECURSION = YES;
				CLANG_WARN_INT_CONVERSION = YES;
				CLANG_WARN_NON_LITERAL_NULL_CONVERSION = YES;
				CLANG_WARN_OBJC_IMPLICIT_RETAIN_SELF = YES;
				CLANG_WARN_OBJC_LITERAL_CONVERSION = YES;
				CLANG_WARN_OBJC_ROOT_CLASS = YES_ERROR;
				CLANG_WARN_QUOTED_INCLUDE_IN_FRAMEWORK_HEADER = YES;
				CLANG_WARN_RANGE_LOOP_ANALYSIS = YES;
				CLANG_WARN_STRICT_PROTOTYPES = YES;
				CLANG_WARN_SUSPICIOUS_MOVE = YES;
				CLANG_WARN_UNGUARDED_AVAILABILITY = YES_AGGRESSIVE;
				CLANG_WARN_UNREACHABLE_CODE = YES;
				CLANG_WARN__DUPLICATE_METHOD_MATCH = YES;
				COPY_PHASE_STRIP = NO;
				DEBUG_INFORMATION_FORMAT = dwarf;
				ENABLE_STRICT_OBJC_MSGSEND = YES;
				ENABLE_TESTABILITY = YES;
				GCC_C_LANGUAGE_STANDARD = gnu11;
				GCC_DYNAMIC_NO_PIC = NO;
				GCC_NO_COMMON_BLOCKS = YES;
				GCC_OPTIMIZATION_LEVEL = 0;
				GCC_PREPROCESSOR_DEFINITIONS = (
					"DEBUG=1",
					"$(inherited)",
				);
				GCC_WARN_64_TO_32_BIT_CONVERSION = YES;
				GCC_WARN_ABOUT_RETURN_TYPE = YES_ERROR;
				GCC_WARN_UNDECLARED_SELECTOR = YES;
				GCC_WARN_UNINITIALIZED_AUTOS = YES_AGGRESSIVE;
				GCC_WARN_UNUSED_FUNCTION = YES;
				GCC_WARN_UNUSED_VARIABLE = YES;
				IPHONEOS_DEPLOYMENT_TARGET = 14.4;
				MTL_ENABLE_DEBUG_INFO = INCLUDE_SOURCE;
				MTL_FAST_MATH = YES;
				ONLY_ACTIVE_ARCH = YES;
				SDKROOT = iphoneos;
				SWIFT_ACTIVE_COMPILATION_CONDITIONS = DEBUG;
				SWIFT_OPTIMIZATION_LEVEL = "-Onone";
			};
			name = Debug;
		};
		74483A5F263030BB00950B4A /* Release */ = {
			isa = XCBuildConfiguration;
			buildSettings = {
				ALWAYS_SEARCH_USER_PATHS = NO;
				CLANG_ANALYZER_NONNULL = YES;
				CLANG_ANALYZER_NUMBER_OBJECT_CONVERSION = YES_AGGRESSIVE;
				CLANG_CXX_LANGUAGE_STANDARD = "gnu++14";
				CLANG_CXX_LIBRARY = "libc++";
				CLANG_ENABLE_MODULES = YES;
				CLANG_ENABLE_OBJC_ARC = YES;
				CLANG_ENABLE_OBJC_WEAK = YES;
				CLANG_WARN_BLOCK_CAPTURE_AUTORELEASING = YES;
				CLANG_WARN_BOOL_CONVERSION = YES;
				CLANG_WARN_COMMA = YES;
				CLANG_WARN_CONSTANT_CONVERSION = YES;
				CLANG_WARN_DEPRECATED_OBJC_IMPLEMENTATIONS = YES;
				CLANG_WARN_DIRECT_OBJC_ISA_USAGE = YES_ERROR;
				CLANG_WARN_DOCUMENTATION_COMMENTS = YES;
				CLANG_WARN_EMPTY_BODY = YES;
				CLANG_WARN_ENUM_CONVERSION = YES;
				CLANG_WARN_INFINITE_RECURSION = YES;
				CLANG_WARN_INT_CONVERSION = YES;
				CLANG_WARN_NON_LITERAL_NULL_CONVERSION = YES;
				CLANG_WARN_OBJC_IMPLICIT_RETAIN_SELF = YES;
				CLANG_WARN_OBJC_LITERAL_CONVERSION = YES;
				CLANG_WARN_OBJC_ROOT_CLASS = YES_ERROR;
				CLANG_WARN_QUOTED_INCLUDE_IN_FRAMEWORK_HEADER = YES;
				CLANG_WARN_RANGE_LOOP_ANALYSIS = YES;
				CLANG_WARN_STRICT_PROTOTYPES = YES;
				CLANG_WARN_SUSPICIOUS_MOVE = YES;
				CLANG_WARN_UNGUARDED_AVAILABILITY = YES_AGGRESSIVE;
				CLANG_WARN_UNREACHABLE_CODE = YES;
				CLANG_WARN__DUPLICATE_METHOD_MATCH = YES;
				COPY_PHASE_STRIP = NO;
				DEBUG_INFORMATION_FORMAT = "dwarf-with-dsym";
				ENABLE_NS_ASSERTIONS = NO;
				ENABLE_STRICT_OBJC_MSGSEND = YES;
				GCC_C_LANGUAGE_STANDARD = gnu11;
				GCC_NO_COMMON_BLOCKS = YES;
				GCC_WARN_64_TO_32_BIT_CONVERSION = YES;
				GCC_WARN_ABOUT_RETURN_TYPE = YES_ERROR;
				GCC_WARN_UNDECLARED_SELECTOR = YES;
				GCC_WARN_UNINITIALIZED_AUTOS = YES_AGGRESSIVE;
				GCC_WARN_UNUSED_FUNCTION = YES;
				GCC_WARN_UNUSED_VARIABLE = YES;
				IPHONEOS_DEPLOYMENT_TARGET = 14.4;
				MTL_ENABLE_DEBUG_INFO = NO;
				MTL_FAST_MATH = YES;
				SDKROOT = iphoneos;
				SWIFT_COMPILATION_MODE = wholemodule;
				SWIFT_OPTIMIZATION_LEVEL = "-O";
				VALIDATE_PRODUCT = YES;
			};
			name = Release;
		};
		74483A61263030BB00950B4A /* Debug */ = {
			isa = XCBuildConfiguration;
			baseConfigurationReference = A9CF4ABE36BA986AF8DFB1D7 /* Pods-SwiftChat.debug.xcconfig */;
			buildSettings = {
				ASSETCATALOG_COMPILER_APPICON_NAME = AppIcon;
				ASSETCATALOG_COMPILER_GLOBAL_ACCENT_COLOR_NAME = AccentColor;
				CODE_SIGN_STYLE = Automatic;
				DEVELOPMENT_TEAM = 9FX9R88448;
				INFOPLIST_FILE = "$(SRCROOT)/SwiftChat/Supporting Files/Info.plist";
				IPHONEOS_DEPLOYMENT_TARGET = 13.0;
				LD_RUNPATH_SEARCH_PATHS = (
					"$(inherited)",
					"@executable_path/Frameworks",
				);
				PRODUCT_BUNDLE_IDENTIFIER = com.istomin.mikhail.91.SwiftChat;
				PRODUCT_NAME = "$(TARGET_NAME)";
				SWIFT_VERSION = 5.0;
				TARGETED_DEVICE_FAMILY = 1;
			};
			name = Debug;
		};
		74483A62263030BB00950B4A /* Release */ = {
			isa = XCBuildConfiguration;
			baseConfigurationReference = F056A2D9AFC81C9236836A67 /* Pods-SwiftChat.release.xcconfig */;
			buildSettings = {
				ASSETCATALOG_COMPILER_APPICON_NAME = AppIcon;
				ASSETCATALOG_COMPILER_GLOBAL_ACCENT_COLOR_NAME = AccentColor;
				CODE_SIGN_STYLE = Automatic;
				DEVELOPMENT_TEAM = 9FX9R88448;
				INFOPLIST_FILE = "$(SRCROOT)/SwiftChat/Supporting Files/Info.plist";
				IPHONEOS_DEPLOYMENT_TARGET = 13.0;
				LD_RUNPATH_SEARCH_PATHS = (
					"$(inherited)",
					"@executable_path/Frameworks",
				);
				PRODUCT_BUNDLE_IDENTIFIER = com.istomin.mikhail.91.SwiftChat;
				PRODUCT_NAME = "$(TARGET_NAME)";
				SWIFT_VERSION = 5.0;
				TARGETED_DEVICE_FAMILY = 1;
			};
			name = Release;
		};
/* End XCBuildConfiguration section */

/* Begin XCConfigurationList section */
		74483A47263030BA00950B4A /* Build configuration list for PBXProject "SwiftChat" */ = {
			isa = XCConfigurationList;
			buildConfigurations = (
				74483A5E263030BB00950B4A /* Debug */,
				74483A5F263030BB00950B4A /* Release */,
			);
			defaultConfigurationIsVisible = 0;
			defaultConfigurationName = Release;
		};
		74483A60263030BB00950B4A /* Build configuration list for PBXNativeTarget "SwiftChat" */ = {
			isa = XCConfigurationList;
			buildConfigurations = (
				74483A61263030BB00950B4A /* Debug */,
				74483A62263030BB00950B4A /* Release */,
			);
			defaultConfigurationIsVisible = 0;
			defaultConfigurationName = Release;
		};
/* End XCConfigurationList section */
	};
	rootObject = 74483A44263030BA00950B4A /* Project object */;
}
